<?xml version="1.0" encoding="utf-8"?>
<Project ToolsVersion="4.0" xmlns="http://schemas.microsoft.com/developer/msbuild/2003">
  <ItemGroup>
    <Filter Include="Source Files">
      <UniqueIdentifier>{4FC737F1-C7A5-4376-A066-2A32D752A2FF}</UniqueIdentifier>
      <Extensions>cpp;c;cc;cxx;c++;cppm;ixx;def;odl;idl;hpj;bat;asm;asmx</Extensions>
    </Filter>
    <Filter Include="Header Files">
      <UniqueIdentifier>{93995380-89BD-4b04-88EB-625FBE52EBFB}</UniqueIdentifier>
      <Extensions>h;hh;hpp;hxx;h++;hm;inl;inc;ipp;xsd</Extensions>
    </Filter>
    <Filter Include="Resource Files">
      <UniqueIdentifier>{67DA6AB6-F800-4c08-8B7A-83BB121AAD01}</UniqueIdentifier>
      <Extensions>rc;ico;cur;bmp;dlg;rc2;rct;bin;rgs;gif;jpg;jpeg;jpe;resx;tiff;tif;png;wav;mfcribbon-ms</Extensions>
    </Filter>
    <Filter Include="Source Files\drivers">
      <UniqueIdentifier>{75a3e72d-e264-4be4-94db-ff41d3911b2c}</UniqueIdentifier>
    </Filter>
    <Filter Include="Source Files\support">
      <UniqueIdentifier>{c21ca70a-47de-483d-8c6d-8198bca694b3}</UniqueIdentifier>
    </Filter>
    <Filter Include="Source Files\machine">
      <UniqueIdentifier>{3ca050c6-aba8-4479-80d6-7f39c580ea12}</UniqueIdentifier>
    </Filter>
    <Filter Include="Source Files\sndhrdwr">
      <UniqueIdentifier>{f9be9eb3-2514-43b6-b746-5103fd95c473}</UniqueIdentifier>
    </Filter>
    <Filter Include="Source Files\vidhrdwr">
      <UniqueIdentifier>{41940a6b-d50d-4741-896b-bdcbabb036dd}</UniqueIdentifier>
    </Filter>
    <Filter Include="Source Files\fileio">
      <UniqueIdentifier>{1e95c546-14b1-4eab-baf7-b6095aa86370}</UniqueIdentifier>
    </Filter>
    <Filter Include="Source Files\osfiles">
      <UniqueIdentifier>{92997053-15b3-4113-be8e-a6cc7a96a259}</UniqueIdentifier>
    </Filter>
    <Filter Include="Source Files\cpu_code">
      <UniqueIdentifier>{8e8474dc-fcf5-437c-930a-772bd6aa664a}</UniqueIdentifier>
    </Filter>
    <Filter Include="Source Files\sys_video">
      <UniqueIdentifier>{33cbc2ec-035a-4917-8a91-b90dcd61ef58}</UniqueIdentifier>
    </Filter>
    <Filter Include="Source Files\gui">
      <UniqueIdentifier>{1910b4fc-534a-4441-ae75-7707ca2a1efa}</UniqueIdentifier>
    </Filter>
    <Filter Include="Source Files\objfiles">
      <UniqueIdentifier>{fd49985c-ad17-4d89-9a8a-7e5a52ec5296}</UniqueIdentifier>
    </Filter>
    <Filter Include="Source Files\cpu_code\68000Mushai">
      <UniqueIdentifier>{1e6e0e65-3baa-4d8f-b0e2-a610cfcb1b53}</UniqueIdentifier>
    </Filter>
  </ItemGroup>
  <ItemGroup>
    <ClCompile Include="acommon.cpp">
      <Filter>Source Files</Filter>
    </ClCompile>
    <ClCompile Include="config.cpp">
      <Filter>Source Files</Filter>
    </ClCompile>
    <ClCompile Include="fpsclass.cpp">
      <Filter>Source Files</Filter>
    </ClCompile>
    <ClCompile Include="aae_mame_driver.cpp">
      <Filter>Source Files</Filter>
    </ClCompile>
    <ClCompile Include="inptport.cpp">
      <Filter>Source Files</Filter>
    </ClCompile>
    <ClCompile Include="log.cpp">
      <Filter>Source Files</Filter>
    </ClCompile>
    <ClCompile Include="menu.cpp">
      <Filter>Source Files</Filter>
    </ClCompile>
    <ClCompile Include="os_input.cpp">
      <Filter>Source Files</Filter>
    </ClCompile>
    <ClCompile Include="sys_timer.cpp">
      <Filter>Source Files</Filter>
    </ClCompile>
    <ClCompile Include="sndhrdw\5220intf.cpp">
      <Filter>Source Files\sndhrdwr</Filter>
    </ClCompile>
    <ClCompile Include="sndhrdw\tms5220.cpp">
      <Filter>Source Files\sndhrdwr</Filter>
    </ClCompile>
    <ClCompile Include="sndhrdw\samples.cpp">
      <Filter>Source Files\sndhrdwr</Filter>
    </ClCompile>
    <ClCompile Include="machine\earom.cpp">
      <Filter>Source Files\machine</Filter>
    </ClCompile>
    <ClCompile Include="drivers\quantum.cpp">
      <Filter>Source Files\drivers</Filter>
    </ClCompile>
    <ClCompile Include="cpu_code\cpu_control.cpp">
      <Filter>Source Files\cpu_code</Filter>
    </ClCompile>
    <ClCompile Include="machine\mathbox.cpp">
      <Filter>Source Files\machine</Filter>
    </ClCompile>
    <ClCompile Include="drivers\asteroid.cpp">
      <Filter>Source Files\drivers</Filter>
    </ClCompile>
    <ClCompile Include="drivers\bzone.cpp">
      <Filter>Source Files\drivers</Filter>
    </ClCompile>
    <ClCompile Include="drivers\tempest.cpp">
      <Filter>Source Files\drivers</Filter>
    </ClCompile>
    <ClCompile Include="fileio\mame_fileio.cpp">
      <Filter>Source Files\fileio</Filter>
    </ClCompile>
    <ClCompile Include="drivers\llander.cpp">
      <Filter>Source Files\drivers</Filter>
    </ClCompile>
    <ClCompile Include="drivers\mhavoc.cpp">
      <Filter>Source Files\drivers</Filter>
    </ClCompile>
    <ClCompile Include="drivers\omegrace.cpp">
      <Filter>Source Files\drivers</Filter>
    </ClCompile>
    <ClCompile Include="aaemain.cpp">
      <Filter>Source Files</Filter>
    </ClCompile>
    <ClCompile Include="cpu_code\ccpu.cpp">
      <Filter>Source Files\cpu_code</Filter>
    </ClCompile>
    <ClCompile Include="drivers\SegaG80.cpp">
      <Filter>Source Files\drivers</Filter>
    </ClCompile>
    <ClCompile Include="sndhrdw\SegaG80snd.cpp">
      <Filter>Source Files\sndhrdwr</Filter>
    </ClCompile>
    <ClCompile Include="sys_video\vector_fonts.cpp">
      <Filter>Source Files\sys_video</Filter>
    </ClCompile>
    <ClCompile Include="sys_video\glcode.cpp">
      <Filter>Source Files\sys_video</Filter>
    </ClCompile>
    <ClCompile Include="fileio\aae_fileio.cpp">
      <Filter>Source Files\fileio</Filter>
    </ClCompile>
    <ClCompile Include="vidhrdwr\aae_avg.cpp">
      <Filter>Source Files\vidhrdwr</Filter>
    </ClCompile>
    <ClCompile Include="vidhrdwr\vector.cpp">
      <Filter>Source Files\vidhrdwr</Filter>
    </ClCompile>
    <ClCompile Include="fileio\loaders.cpp">
      <Filter>Source Files\fileio</Filter>
    </ClCompile>
    <ClCompile Include="fileio\miniz.c">
      <Filter>Source Files\fileio</Filter>
    </ClCompile>
    <ClCompile Include="gui\animation.cpp">
      <Filter>Source Files\gui</Filter>
    </ClCompile>
    <ClCompile Include="gui\gui.cpp">
      <Filter>Source Files\gui</Filter>
    </ClCompile>
    <ClCompile Include="sys_video\fonts.cpp">
      <Filter>Source Files\sys_video</Filter>
    </ClCompile>
    <ClCompile Include="cpu_code\cpu_6809.cpp">
      <Filter>Source Files\cpu_code</Filter>
    </ClCompile>
    <ClCompile Include="cpu_code\cpu_i8080.cpp">
      <Filter>Source Files\cpu_code</Filter>
    </ClCompile>
    <ClCompile Include="cpu_code\timer.cpp">
      <Filter>Source Files\cpu_code</Filter>
    </ClCompile>
    <ClCompile Include="machine\swmathbx.cpp">
      <Filter>Source Files\machine</Filter>
    </ClCompile>
    <ClCompile Include="drivers\starwars.cpp">
      <Filter>Source Files\drivers</Filter>
    </ClCompile>
    <ClCompile Include="cpu_code\cpu_z80.cpp">
      <Filter>Source Files\cpu_code</Filter>
    </ClCompile>
    <ClCompile Include="sndhrdw\starwars_snd.cpp">
      <Filter>Source Files\sndhrdwr</Filter>
    </ClCompile>
    <ClCompile Include="cpu_code\cpu_6502.cpp">
      <Filter>Source Files\cpu_code</Filter>
    </ClCompile>
    <ClCompile Include="texrect2dvbo.cpp">
      <Filter>Source Files</Filter>
    </ClCompile>
    <ClCompile Include="os_basic.cpp">
      <Filter>Source Files</Filter>
    </ClCompile>
    <ClCompile Include="newfbo.cpp">
      <Filter>Source Files</Filter>
    </ClCompile>
    <ClCompile Include="texrect.cpp">
      <Filter>Source Files</Filter>
    </ClCompile>
    <ClCompile Include="vidhrdwr\SegaG80vid.cpp">
      <Filter>Source Files\vidhrdwr</Filter>
    </ClCompile>
    <ClCompile Include="machine\SegaG80crypt.cpp">
      <Filter>Source Files\machine</Filter>
    </ClCompile>
    <ClCompile Include="sys_video\gl_fbo.cpp">
      <Filter>Source Files\sys_video</Filter>
    </ClCompile>
    <ClCompile Include="sys_video\gl_texturing.cpp">
      <Filter>Source Files\sys_video</Filter>
    </ClCompile>
    <ClCompile Include="sys_video\gl_shader.cpp">
      <Filter>Source Files\sys_video</Filter>
    </ClCompile>
    <ClCompile Include="cpu_code\m68kops.c">
      <Filter>Source Files\cpu_code\68000Mushai</Filter>
    </ClCompile>
    <ClCompile Include="cpu_code\m68kcpu.c">
      <Filter>Source Files\cpu_code\68000Mushai</Filter>
    </ClCompile>
    <ClCompile Include="cpu_code\softfloat\softfloat.c">
      <Filter>Source Files\cpu_code\68000Mushai</Filter>
    </ClCompile>
    <ClCompile Include="cpu_code\m68kfpu.c">
      <Filter>Source Files\cpu_code\68000Mushai</Filter>
    </ClCompile>
    <ClCompile Include="mem68k.c">
      <Filter>Source Files</Filter>
    </ClCompile>
    <ClCompile Include="sndhrdw\ay8910.cpp">
      <Filter>Source Files\sndhrdwr</Filter>
    </ClCompile>
    <ClCompile Include="win10_win11_required_code.cpp">
      <Filter>Source Files</Filter>
    </ClCompile>
    <ClCompile Include="sndhrdw\aae_mame_pokey_2.4.cpp">
      <Filter>Source Files\sndhrdwr</Filter>
    </ClCompile>
    <ClCompile Include="vidhrdwr\old_mame_vecsim_dvg.cpp">
      <Filter>Source Files\vidhrdwr</Filter>
    </ClCompile>
    <ClCompile Include="drivers\bwidow.cpp">
      <Filter>Source Files\drivers</Filter>
    </ClCompile>
    <ClCompile Include="memory.cpp">
      <Filter>Source Files</Filter>
    </ClCompile>
    <ClCompile Include="vidhrdwr\mhavoc_custom_video.cpp">
      <Filter>Source Files\vidhrdwr</Filter>
    </ClCompile>
    <ClCompile Include="vidhrdwr\cinematronics_video.cpp">
      <Filter>Source Files\vidhrdwr</Filter>
    </ClCompile>
    <ClCompile Include="sndhrdw\cinematronics_sound.cpp">
      <Filter>Source Files\sndhrdwr</Filter>
    </ClCompile>
    <ClCompile Include="drivers\cinematronics_driver.cpp">
      <Filter>Source Files\drivers</Filter>
    </ClCompile>
  </ItemGroup>
  <ItemGroup>
    <ClInclude Include="aaemain.h">
      <Filter>Source Files</Filter>
    </ClInclude>
    <ClInclude Include="acommon.h">
      <Filter>Source Files</Filter>
    </ClInclude>
    <ClInclude Include="config.h">
      <Filter>Source Files</Filter>
    </ClInclude>
    <ClInclude Include="deftypes.h">
      <Filter>Source Files</Filter>
    </ClInclude>
    <ClInclude Include="fpsclass.h">
      <Filter>Source Files</Filter>
    </ClInclude>
    <ClInclude Include="gameart.h">
      <Filter>Source Files</Filter>
    </ClInclude>
    <ClInclude Include="gamekeys.h">
      <Filter>Source Files</Filter>
    </ClInclude>
    <ClInclude Include="gameroms.h">
      <Filter>Source Files</Filter>
    </ClInclude>
    <ClInclude Include="gamesamp.h">
      <Filter>Source Files</Filter>
    </ClInclude>
    <ClInclude Include="aae_mame_driver.h">
      <Filter>Source Files</Filter>
    </ClInclude>
    <ClInclude Include="inptport.h">
      <Filter>Source Files</Filter>
    </ClInclude>
    <ClInclude Include="log.h">
      <Filter>Source Files</Filter>
    </ClInclude>
    <ClInclude Include="menu.h">
      <Filter>Source Files</Filter>
    </ClInclude>
    <ClInclude Include="osd_cpu.h">
      <Filter>Source Files</Filter>
    </ClInclude>
    <ClInclude Include="osdepend.h">
      <Filter>Source Files</Filter>
    </ClInclude>
    <ClInclude Include="sys_timer.h">
      <Filter>Source Files</Filter>
    </ClInclude>
    <ClInclude Include="sndhrdw\5220intf.h">
      <Filter>Source Files\sndhrdwr</Filter>
    </ClInclude>
    <ClInclude Include="sndhrdw\tms5220.h">
      <Filter>Source Files\sndhrdwr</Filter>
    </ClInclude>
    <ClInclude Include="targetver.h">
      <Filter>Header Files</Filter>
    </ClInclude>
    <ClInclude Include="sndhrdw\samples.h">
      <Filter>Source Files\sndhrdwr</Filter>
    </ClInclude>
    <ClInclude Include="machine\earom.h">
      <Filter>Source Files\machine</Filter>
    </ClInclude>
    <ClInclude Include="drivers\quantum.h">
      <Filter>Source Files\drivers</Filter>
    </ClInclude>
    <ClInclude Include="cpu_code\cpu_control.h">
      <Filter>Source Files\cpu_code</Filter>
    </ClInclude>
    <ClInclude Include="cpu_code\starcpu.h">
      <Filter>Source Files\cpu_code</Filter>
    </ClInclude>
    <ClInclude Include="machine\mathbox.h">
      <Filter>Source Files\machine</Filter>
    </ClInclude>
    <ClInclude Include="drivers\asteroid.h">
      <Filter>Source Files\drivers</Filter>
    </ClInclude>
    <ClInclude Include="drivers\bzone.h">
      <Filter>Source Files\drivers</Filter>
    </ClInclude>
    <ClInclude Include="drivers\tempest.h">
      <Filter>Source Files\drivers</Filter>
    </ClInclude>
    <ClInclude Include="fileio\mame_fileio.h">
      <Filter>Source Files\fileio</Filter>
    </ClInclude>
    <ClInclude Include="drivers\llander.h">
      <Filter>Source Files\drivers</Filter>
    </ClInclude>
    <ClInclude Include="drivers\mhavoc.h">
      <Filter>Source Files\drivers</Filter>
    </ClInclude>
    <ClInclude Include="drivers\omegrace.h">
      <Filter>Source Files\drivers</Filter>
    </ClInclude>
    <ClInclude Include="cpu_code\ccpu.h">
      <Filter>Source Files\cpu_code</Filter>
    </ClInclude>
    <ClInclude Include="drivers\SegaG80.h">
      <Filter>Source Files\drivers</Filter>
    </ClInclude>
    <ClInclude Include="sys_video\vector_fonts.h">
      <Filter>Source Files\sys_video</Filter>
    </ClInclude>
    <ClInclude Include="sys_video\glcode.h">
      <Filter>Source Files\sys_video</Filter>
    </ClInclude>
    <ClInclude Include="fileio\aae_fileio.h">
      <Filter>Source Files\fileio</Filter>
    </ClInclude>
    <ClInclude Include="vidhrdwr\aae_avg.h">
      <Filter>Source Files\vidhrdwr</Filter>
    </ClInclude>
    <ClInclude Include="vidhrdwr\vector.h">
      <Filter>Source Files\vidhrdwr</Filter>
    </ClInclude>
    <ClInclude Include="fileio\loaders.h">
      <Filter>Source Files\fileio</Filter>
    </ClInclude>
    <ClInclude Include="fileio\miniz.h">
      <Filter>Source Files\fileio</Filter>
    </ClInclude>
    <ClInclude Include="sys_video\stb_image.h">
      <Filter>Source Files\sys_video</Filter>
    </ClInclude>
    <ClInclude Include="sys_video\stb_image_write.h">
      <Filter>Source Files\sys_video</Filter>
    </ClInclude>
    <ClInclude Include="gui\animation.h">
      <Filter>Source Files\gui</Filter>
    </ClInclude>
    <ClInclude Include="gui\gui.h">
      <Filter>Source Files\gui</Filter>
    </ClInclude>
    <ClInclude Include="os_input.h">
      <Filter>Source Files</Filter>
    </ClInclude>
    <ClInclude Include="sys_video\fonts.h">
      <Filter>Source Files\sys_video</Filter>
    </ClInclude>
    <ClInclude Include="cpu_code\cpu_6809.h">
      <Filter>Source Files\cpu_code</Filter>
    </ClInclude>
    <ClInclude Include="cpu_code\cpu_i8080.h">
      <Filter>Source Files\cpu_code</Filter>
    </ClInclude>
    <ClInclude Include="gamedriver.h">
      <Filter>Source Files</Filter>
    </ClInclude>
    <ClInclude Include="cpu_code\timer.h">
      <Filter>Source Files\cpu_code</Filter>
    </ClInclude>
    <ClInclude Include="machine\swmathbx.h">
      <Filter>Source Files\machine</Filter>
    </ClInclude>
    <ClInclude Include="drivers\starwars.h">
      <Filter>Source Files\drivers</Filter>
    </ClInclude>
    <ClInclude Include="cpu_code\cpu_z80.h">
      <Filter>Source Files\cpu_code</Filter>
    </ClInclude>
    <ClInclude Include="sndhrdw\starwars_snd.h">
      <Filter>Source Files\sndhrdwr</Filter>
    </ClInclude>
    <ClInclude Include="cpu_code\cpu_6502.h">
      <Filter>Source Files\cpu_code</Filter>
    </ClInclude>
    <ClInclude Include="texrect2dvbo.h">
      <Filter>Source Files</Filter>
    </ClInclude>
    <ClInclude Include="os_basic.h">
      <Filter>Source Files</Filter>
    </ClInclude>
    <ClInclude Include="newfbo.h">
      <Filter>Source Files</Filter>
    </ClInclude>
    <ClInclude Include="MathUtils.h">
      <Filter>Source Files</Filter>
    </ClInclude>
    <ClInclude Include="texrect.h">
      <Filter>Source Files</Filter>
    </ClInclude>
    <ClInclude Include="colordefs.h">
      <Filter>Header Files</Filter>
    </ClInclude>
    <ClInclude Include="vidhrdwr\SegaG80vid.h">
      <Filter>Source Files\vidhrdwr</Filter>
    </ClInclude>
    <ClInclude Include="machine\SegaG80crypt.h">
      <Filter>Source Files\machine</Filter>
    </ClInclude>
    <ClInclude Include="sndhrdw\segag80snd.h">
      <Filter>Source Files\sndhrdwr</Filter>
    </ClInclude>
    <ClInclude Include="sys_video\gl_fbo.h">
      <Filter>Source Files\sys_video</Filter>
    </ClInclude>
    <ClInclude Include="sys_video\gl_texturing.h">
      <Filter>Source Files\sys_video</Filter>
    </ClInclude>
    <ClInclude Include="sys_video\gl_shader.h">
      <Filter>Source Files\sys_video</Filter>
    </ClInclude>
    <ClInclude Include="cpu_code\m68k.h">
      <Filter>Source Files\cpu_code\68000Mushai</Filter>
    </ClInclude>
    <ClInclude Include="cpu_code\m68kconf.h">
      <Filter>Source Files\cpu_code\68000Mushai</Filter>
    </ClInclude>
    <ClInclude Include="cpu_code\m68kmmu.h">
      <Filter>Source Files\cpu_code\68000Mushai</Filter>
    </ClInclude>
    <ClInclude Include="cpu_code\m68kops.h">
      <Filter>Source Files\cpu_code\68000Mushai</Filter>
    </ClInclude>
    <ClInclude Include="cpu_code\m68kcpu.h">
      <Filter>Source Files\cpu_code\68000Mushai</Filter>
    </ClInclude>
    <ClInclude Include="cpu_code\softfloat\mamesf.h">
      <Filter>Source Files\cpu_code\68000Mushai</Filter>
    </ClInclude>
    <ClInclude Include="cpu_code\softfloat\milieu.h">
      <Filter>Source Files\cpu_code\68000Mushai</Filter>
    </ClInclude>
    <ClInclude Include="cpu_code\softfloat\softfloat.h">
      <Filter>Source Files\cpu_code\68000Mushai</Filter>
    </ClInclude>
    <ClInclude Include="mem68k.h">
      <Filter>Source Files</Filter>
    </ClInclude>
    <ClInclude Include="sndhrdw\ay8910.h">
      <Filter>Source Files\sndhrdwr</Filter>
    </ClInclude>
    <ClInclude Include="win10_win11_required_code.h">
      <Filter>Source Files</Filter>
    </ClInclude>
    <ClInclude Include="sndhrdw\aae_mame_pokey_2.4.h">
      <Filter>Source Files\sndhrdwr</Filter>
    </ClInclude>
    <ClInclude Include="vidhrdwr\old_mame_vecsim_dvg.h">
      <Filter>Source Files\vidhrdwr</Filter>
    </ClInclude>
    <ClInclude Include="drivers\bwidow.h">
      <Filter>Source Files\drivers</Filter>
    </ClInclude>
    <ClInclude Include="memory.h">
      <Filter>Source Files</Filter>
    </ClInclude>
    <ClInclude Include="fileio\sha-1.h">
      <Filter>Source Files\fileio</Filter>
    </ClInclude>
    <ClInclude Include="gameroms_new.h">
      <Filter>Source Files</Filter>
    </ClInclude>
    <ClInclude Include="vidhrdwr\mhavoc_custom_video.h">
      <Filter>Source Files\vidhrdwr</Filter>
    </ClInclude>
    <ClInclude Include="sys_video\rotation_table.h">
      <Filter>Source Files\sys_video</Filter>
    </ClInclude>
    <ClInclude Include="vidhrdwr\cinematronics_video.h">
      <Filter>Source Files\vidhrdwr</Filter>
    </ClInclude>
    <ClInclude Include="sndhrdw\cinematronics_sound.h">
      <Filter>Source Files\sndhrdwr</Filter>
    </ClInclude>
    <ClInclude Include="drivers\cinematronics_driver.h">
      <Filter>Source Files\drivers</Filter>
    </ClInclude>
  </ItemGroup>
</Project>