<?xml version="1.0" encoding="utf-8"?>
<Project ToolsVersion="4.0" xmlns="http://schemas.microsoft.com/developer/msbuild/2003">
  <ItemGroup>
    <Manifest Include="app.manifest" />
  </ItemGroup>
  <ItemGroup>
    <ClCompile Include="system\3rdparty\glew.c">
      <Filter>Source Files\system\3rdparty</Filter>
    </ClCompile>
    <ClCompile Include="system\3rdparty\miniz.c">
      <Filter>Source Files\system\3rdparty</Filter>
    </ClCompile>
    <ClCompile Include="system\graphics\sys_gl.cpp">
      <Filter>Source Files\system\graphics</Filter>
    </ClCompile>
    <ClCompile Include="system\graphics\sys_texture.cpp">
      <Filter>Source Files\system\graphics</Filter>
    </ClCompile>
    <ClCompile Include="system\graphics\vk\sys_vk.cpp">
      <Filter>Source Files\system\graphics\vk</Filter>
    </ClCompile>
    <ClCompile Include="system\graphics\texrect.cpp">
      <Filter>Source Files\system\graphics</Filter>
    </ClCompile>
    <ClCompile Include="system\input\Joystick.cpp">
      <Filter>Source Files\system\input</Filter>
    </ClCompile>
    <ClCompile Include="system\window\win10_win11_required_code.cpp">
      <Filter>Source Files\system\window</Filter>
    </ClCompile>
    <ClCompile Include="system\window\windows_util.cpp">
      <Filter>Source Files\system\window</Filter>
    </ClCompile>
    <ClCompile Include="system\window\winmain.cpp">
      <Filter>Source Files\system\window</Filter>
    </ClCompile>
    <ClCompile Include="system\util\wintimer.cpp">
      <Filter>Source Files\system\util</Filter>
    </ClCompile>
    <ClCompile Include="system\util\sys_log.cpp">
      <Filter>Source Files\system\util</Filter>
    </ClCompile>
    <ClCompile Include="system\util\sys_fileio.cpp">
      <Filter>Source Files\system\util</Filter>
    </ClCompile>
    <ClCompile Include="system\util\path_helper.cpp">
      <Filter>Source Files\system\util</Filter>
    </ClCompile>
    <ClCompile Include="system\util\iniFile.cpp">
      <Filter>Source Files\system\util</Filter>
    </ClCompile>
    <ClCompile Include="aae\fileio\texture_handler.cpp">
      <Filter>Source Files\aae\fileio</Filter>
    </ClCompile>
    <ClCompile Include="aae\fileio\mame_fileio.cpp">
      <Filter>Source Files\aae\fileio</Filter>
    </ClCompile>
    <ClCompile Include="aae\vidhrdwr\emu_vector_draw.cpp">
      <Filter>Source Files\aae\vidhrdwr</Filter>
    </ClCompile>
    <ClCompile Include="aae\vidhrdwr\fast_poly.cpp">
      <Filter>Source Files\aae\vidhrdwr</Filter>
    </ClCompile>
    <ClCompile Include="aae\aae_video\gl_shader.cpp">
      <Filter>Source Files\aae\aae_video</Filter>
    </ClCompile>
    <ClCompile Include="aae\aae_video\vector_fonts.cpp">
      <Filter>Source Files\aae\aae_video</Filter>
    </ClCompile>
    <ClCompile Include="aae\aae_video\gl_fbo.cpp">
      <Filter>Source Files\aae\aae_video</Filter>
    </ClCompile>
    <ClCompile Include="aae\aae_video\gl_texturing.cpp">
      <Filter>Source Files\aae\aae_video</Filter>
    </ClCompile>
    <ClCompile Include="aae\menu.cpp">
      <Filter>Source Files\aae</Filter>
    </ClCompile>
    <ClCompile Include="aae\os_basic.cpp">
      <Filter>Source Files\aae</Filter>
    </ClCompile>
    <ClCompile Include="aae\aae_emulator.cpp">
      <Filter>Source Files\aae</Filter>
    </ClCompile>
    <ClCompile Include="aae\acommon.cpp">
      <Filter>Source Files\aae</Filter>
    </ClCompile>
    <ClCompile Include="aae\config.cpp">
      <Filter>Source Files\aae</Filter>
    </ClCompile>
    <ClCompile Include="aae\vidhrdwr\osd_video.cpp">
      <Filter>Source Files\aae\vidhrdwr</Filter>
    </ClCompile>
    <ClCompile Include="system\audio\mixer.cpp">
      <Filter>Source Files\system\audio</Filter>
    </ClCompile>
    <ClCompile Include="aae\gui\driver_gui.cpp">
      <Filter>Source Files\aae\gui</Filter>
    </ClCompile>
    <ClCompile Include="system\input\rawinput.cpp">
      <Filter>Source Files\system\input</Filter>
    </ClCompile>
    <ClCompile Include="aae\aae_video\mame_layout.cpp">
      <Filter>Source Files\aae\aae_video</Filter>
    </ClCompile>
    <ClCompile Include="system\3rdparty\tinyxml2.cpp">
      <Filter>Source Files\system\3rdparty</Filter>
    </ClCompile>
    <ClCompile Include="aae\aae_video\opengl_renderer.cpp">
      <Filter>Source Files\aae\aae_video</Filter>
    </ClCompile>
    <ClCompile Include="aae\aae_video\raster_emit.cpp">
      <Filter>Source Files\aae\aae_video</Filter>
    </ClCompile>
    <ClCompile Include="aae\aae_video\renderer_dispatch.cpp">
      <Filter>Source Files\aae\aae_video</Filter>
    </ClCompile>
    <ClCompile Include="aae\aae_video_vk\crt_post_vk.cpp">
      <Filter>Source Files\aae\aae_video_vk</Filter>
    </ClCompile>
    <ClCompile Include="aae\aae_video_vk\fast_poly_vk.cpp">
      <Filter>Source Files\aae\aae_video_vk</Filter>
    </ClCompile>
    <ClCompile Include="aae\aae_video_vk\layout_vk.cpp">
      <Filter>Source Files\aae\aae_video_vk</Filter>
    </ClCompile>
    <ClCompile Include="aae\aae_video_vk\raster_tex_vk.cpp">
      <Filter>Source Files\aae\aae_video_vk</Filter>
    </ClCompile>
    <ClCompile Include="aae\aae_video_vk\render_target_vk.cpp">
      <Filter>Source Files\aae\aae_video_vk</Filter>
    </ClCompile>
    <ClCompile Include="aae\aae_video_vk\screen_quad_vk.cpp">
      <Filter>Source Files\aae\aae_video_vk</Filter>
    </ClCompile>
    <ClCompile Include="aae\aae_video_vk\vector_draw_vk.cpp">
      <Filter>Source Files\aae\aae_video_vk</Filter>
    </ClCompile>
    <ClCompile Include="aae\aae_video_vk\vector_post_vk.cpp">
      <Filter>Source Files\aae\aae_video_vk</Filter>
    </ClCompile>
    <ClCompile Include="aae\aae_video_vk\gpu_profiler_vk.cpp">
      <Filter>Source Files\aae\aae_video_vk</Filter>
    </ClCompile>
    <ClCompile Include="aae\aae_video_vk\shot_draw_vk.cpp">
      <Filter>Source Files\aae\aae_video_vk</Filter>
    </ClCompile>
    <ClCompile Include="aae\aae_video_vk\snapshot_vk.cpp">
      <Filter>Source Files\aae\aae_video_vk</Filter>
    </ClCompile>
    <ClCompile Include="aae\aae_video_vk\vk_texture_loader.cpp">
      <Filter>Source Files\aae\aae_video_vk</Filter>
    </ClCompile>
    <ClCompile Include="aae\aae_video_vk\vulkan_renderer.cpp">
      <Filter>Source Files\aae\aae_video_vk</Filter>
    </ClCompile>
    <ClCompile Include="aae\aae_video\vector_draw.cpp">
      <Filter>Source Files\aae\aae_video</Filter>
    </ClCompile>
    <ClCompile Include="system\audio\audio_3d.cpp">
      <Filter>Source Files\system\audio</Filter>
    </ClCompile>
    <ClCompile Include="system\audio\xaudio2_backend.cpp">
      <Filter>Source Files\system\audio</Filter>
    </ClCompile>
    <ClCompile Include="aae\led_service_handler.cpp">
      <Filter>Source Files\aae</Filter>
    </ClCompile>
  </ItemGroup>
  <ItemGroup>
    <ClInclude Include="resource.h">
      <Filter>Header Files</Filter>
    </ClInclude>
    <ClInclude Include="system\3rdparty\glew.h">
      <Filter>Source Files\system\3rdparty</Filter>
    </ClInclude>
    <ClInclude Include="system\3rdparty\json.hpp">
      <Filter>Source Files\system\3rdparty</Filter>
    </ClInclude>
    <ClInclude Include="system\3rdparty\miniz.h">
      <Filter>Source Files\system\3rdparty</Filter>
    </ClInclude>
    <ClInclude Include="system\3rdparty\stb_image_write.h">
      <Filter>Source Files\system\3rdparty</Filter>
    </ClInclude>
    <ClInclude Include="system\3rdparty\stb_image.h">
      <Filter>Source Files\system\3rdparty</Filter>
    </ClInclude>
    <ClInclude Include="system\3rdparty\wglew.h">
      <Filter>Source Files\system\3rdparty</Filter>
    </ClInclude>
    <ClInclude Include="system\graphics\colordefs.h">
      <Filter>Source Files\system\graphics</Filter>
    </ClInclude>
    <ClInclude Include="system\graphics\sys_gl.h">
      <Filter>Source Files\system\graphics</Filter>
    </ClInclude>
    <ClInclude Include="system\graphics\shader_util.h">
      <Filter>Source Files\system\graphics</Filter>
    </ClInclude>
    <ClInclude Include="system\graphics\sys_texture.h">
      <Filter>Source Files\system\graphics</Filter>
    </ClInclude>
    <ClInclude Include="system\graphics\vk\sys_vk.h">
      <Filter>Source Files\system\graphics\vk</Filter>
    </ClInclude>
    <ClInclude Include="system\graphics\texrect.h">
      <Filter>Source Files\system\graphics</Filter>
    </ClInclude>
    <ClInclude Include="system\input\joystick.h">
      <Filter>Source Files\system\input</Filter>
    </ClInclude>
    <ClInclude Include="system\math\circle.h">
      <Filter>Source Files\system\math</Filter>
    </ClInclude>
    <ClInclude Include="system\math\MathUtils.h">
      <Filter>Source Files\system\math</Filter>
    </ClInclude>
    <ClInclude Include="system\math\rect2d.h">
      <Filter>Source Files\system\math</Filter>
    </ClInclude>
    <ClInclude Include="system\window\win10_win11_required_code.h">
      <Filter>Source Files\system\window</Filter>
    </ClInclude>
    <ClInclude Include="system\window\windows_util.h">
      <Filter>Source Files\system\window</Filter>
    </ClInclude>
    <ClInclude Include="system\window\framework.h">
      <Filter>Source Files\system\window</Filter>
    </ClInclude>
    <ClInclude Include="system\window\sys_window.h">
      <Filter>Source Files\system\window</Filter>
    </ClInclude>
    <ClInclude Include="system\window\win32\win32_private.h">
      <Filter>Source Files\system\window</Filter>
    </ClInclude>
    <ClInclude Include="system\window\win32\win32_window.h">
      <Filter>Source Files\system\window</Filter>
    </ClInclude>
    <ClInclude Include="system\window\utf8conv.h">
      <Filter>Source Files\system\window</Filter>
    </ClInclude>
    <ClInclude Include="system\util\sys_log.h">
      <Filter>Source Files\system\util</Filter>
    </ClInclude>
    <ClInclude Include="system\util\sys_fileio.h">
      <Filter>Source Files\system\util</Filter>
    </ClInclude>
    <ClInclude Include="system\util\path_helper.h">
      <Filter>Source Files\system\util</Filter>
    </ClInclude>
    <ClInclude Include="system\util\iniFile.h">
      <Filter>Source Files\system\util</Filter>
    </ClInclude>
    <ClInclude Include="aae\fileio\texture_handler.h">
      <Filter>Source Files\aae\fileio</Filter>
    </ClInclude>
    <ClInclude Include="aae\fileio\mame_fileio.h">
      <Filter>Source Files\aae\fileio</Filter>
    </ClInclude>
    <ClInclude Include="aae\vidhrdwr\emu_vector_draw.h">
      <Filter>Source Files\aae\vidhrdwr</Filter>
    </ClInclude>
    <ClInclude Include="aae\aae_video\vector_draw.h">
      <Filter>Source Files\aae\aae_video</Filter>
    </ClInclude>
    <ClInclude Include="aae\vidhrdwr\fast_poly.h">
      <Filter>Source Files\aae\vidhrdwr</Filter>
    </ClInclude>
    <ClInclude Include="aae\aae_video\gl_shader.h">
      <Filter>Source Files\aae\aae_video</Filter>
    </ClInclude>
    <ClInclude Include="aae\aae_video\shader_definitions.h">
      <Filter>Source Files\aae\aae_video</Filter>
    </ClInclude>
    <ClInclude Include="aae\aae_video\vector_fonts.h">
      <Filter>Source Files\aae\aae_video</Filter>
    </ClInclude>
    <ClInclude Include="aae\aae_video\gl_fbo.h">
      <Filter>Source Files\aae\aae_video</Filter>
    </ClInclude>
    <ClInclude Include="aae\aae_video\gl_texturing.h">
      <Filter>Source Files\aae\aae_video</Filter>
    </ClInclude>
    <ClInclude Include="aae\menu.h">
      <Filter>Source Files\aae</Filter>
    </ClInclude>
    <ClInclude Include="aae\os_basic.h">
      <Filter>Source Files\aae</Filter>
    </ClInclude>
    <ClInclude Include="aae\osdepend.h">
      <Filter>Source Files\aae</Filter>
    </ClInclude>
    <ClInclude Include="aae\targetver.h">
      <Filter>Source Files\aae</Filter>
    </ClInclude>
    <ClInclude Include="aae\aae_emulator.h">
      <Filter>Source Files\aae</Filter>
    </ClInclude>
    <ClInclude Include="aae\aae_mame_driver.h">
      <Filter>Source Files\aae</Filter>
    </ClInclude>
    <ClInclude Include="aae\acommon.h">
      <Filter>Source Files\aae</Filter>
    </ClInclude>
    <ClInclude Include="aae\config.h">
      <Filter>Source Files\aae</Filter>
    </ClInclude>
    <ClInclude Include="aae\deftypes.h">
      <Filter>Source Files\aae</Filter>
    </ClInclude>
    <ClInclude Include="system\util\FrameLimiter.h">
      <Filter>Source Files\system\util</Filter>
    </ClInclude>
    <ClInclude Include="aae\vidhrdwr\osd_video.h">
      <Filter>Source Files\aae\vidhrdwr</Filter>
    </ClInclude>
    <ClInclude Include="aae\driver_macros.h">
      <Filter>Source Files\aae</Filter>
    </ClInclude>
    <ClInclude Include="system\audio\emptywav.h">
      <Filter>Source Files\system\audio</Filter>
    </ClInclude>
    <ClInclude Include="system\audio\error_wav.h">
      <Filter>Source Files\system\audio</Filter>
    </ClInclude>
    <ClInclude Include="system\audio\mixer.h">
      <Filter>Source Files\system\audio</Filter>
    </ClInclude>
    <ClInclude Include="aae\gui\driver_gui.h">
      <Filter>Source Files\aae\gui</Filter>
    </ClInclude>
    <ClInclude Include="system\input\rawinput_win32.h">
      <Filter>Source Files\system\input</Filter>
    </ClInclude>
    <ClInclude Include="aae\aae_video\mame_layout.h">
      <Filter>Source Files\aae\aae_video</Filter>
    </ClInclude>
    <ClInclude Include="system\3rdparty\stb_truetype.h">
      <Filter>Source Files\system\3rdparty</Filter>
    </ClInclude>
    <ClInclude Include="system\3rdparty\tinyxml2.h">
      <Filter>Source Files\system\3rdparty</Filter>
    </ClInclude>
    <ClInclude Include="aae\aae_video\opengl_renderer.h">
      <Filter>Source Files\aae\aae_video</Filter>
    </ClInclude>
    <ClInclude Include="aae\aae_video\raster_emit.h">
      <Filter>Source Files\aae\aae_video</Filter>
    </ClInclude>
    <ClInclude Include="aae\aae_video_vk\crt_post_vk.h">
      <Filter>Source Files\aae\aae_video_vk</Filter>
    </ClInclude>
    <ClInclude Include="aae\aae_video_vk\fast_poly_vk.h">
      <Filter>Source Files\aae\aae_video_vk</Filter>
    </ClInclude>
    <ClInclude Include="aae\aae_video_vk\layout_vk.h">
      <Filter>Source Files\aae\aae_video_vk</Filter>
    </ClInclude>
    <ClInclude Include="aae\aae_video_vk\raster_tex_vk.h">
      <Filter>Source Files\aae\aae_video_vk</Filter>
    </ClInclude>
    <ClInclude Include="aae\aae_video_vk\render_target_vk.h">
      <Filter>Source Files\aae\aae_video_vk</Filter>
    </ClInclude>
    <ClInclude Include="aae\aae_video_vk\screen_quad_vk.h">
      <Filter>Source Files\aae\aae_video_vk</Filter>
    </ClInclude>
    <ClInclude Include="aae\aae_video_vk\vector_draw_vk.h">
      <Filter>Source Files\aae\aae_video_vk</Filter>
    </ClInclude>
    <ClInclude Include="aae\aae_video_vk\vector_post_vk.h">
      <Filter>Source Files\aae\aae_video_vk</Filter>
    </ClInclude>
    <ClInclude Include="aae\aae_video_vk\gpu_profiler_vk.h">
      <Filter>Source Files\aae\aae_video_vk</Filter>
    </ClInclude>
    <ClInclude Include="aae\aae_video_vk\shot_draw_vk.h">
      <Filter>Source Files\aae\aae_video_vk</Filter>
    </ClInclude>
    <ClInclude Include="aae\aae_video_vk\snapshot_vk.h">
      <Filter>Source Files\aae\aae_video_vk</Filter>
    </ClInclude>
    <ClInclude Include="aae\aae_video_vk\vk_texture_loader.h">
      <Filter>Source Files\aae\aae_video_vk</Filter>
    </ClInclude>
    <ClInclude Include="aae\aae_video_vk\vulkan_renderer.h">
      <Filter>Source Files\aae\aae_video_vk</Filter>
    </ClInclude>
    <ClInclude Include="system\audio\audio_3d.h">
      <Filter>Source Files\system\audio</Filter>
    </ClInclude>
    <ClInclude Include="system\audio\xaudio2_backend.h">
      <Filter>Source Files\system\audio</Filter>
    </ClInclude>
    <ClInclude Include="aae\led_service_handler.h">
      <Filter>Source Files\aae</Filter>
    </ClInclude>
    <ClInclude Include="system\audio\audio_backend.h" />
    <ClInclude Include="system\util\sys_timer.h" />
  </ItemGroup>
  <ItemGroup>
    <Image Include="appicon.ico" />
    <Image Include="aae.ico" />
  </ItemGroup>
  <ItemGroup>
    <Filter Include="Header Files">
      <UniqueIdentifier>{8da36736-a822-40ce-aa8a-341f87e2fc1c}</UniqueIdentifier>
    </Filter>
    <Filter Include="Source Files">
      <UniqueIdentifier>{950fcedf-c5cb-4d0d-a653-30686e586960}</UniqueIdentifier>
    </Filter>
    <Filter Include="Resource Files">
      <UniqueIdentifier>{f9fb230c-f711-4b62-bf1f-7b2cc44e7f4d}</UniqueIdentifier>
    </Filter>
    <Filter Include="Source Files\system">
      <UniqueIdentifier>{770e0ab3-c872-4249-951b-8ff4e9bd0549}</UniqueIdentifier>
    </Filter>
    <Filter Include="Source Files\system\3rdparty">
      <UniqueIdentifier>{28bea16f-76a9-4319-8103-08aa026eaf9e}</UniqueIdentifier>
    </Filter>
    <Filter Include="Source Files\system\graphics">
      <UniqueIdentifier>{07d65e8f-88fa-4efd-a1a0-4a502ea755e0}</UniqueIdentifier>
    </Filter>
    <Filter Include="Source Files\system\graphics\vk">
      <UniqueIdentifier>{1d2831fc-1216-4d6e-83d2-3fea77316bf2}</UniqueIdentifier>
    </Filter>
    <Filter Include="Source Files\system\input">
      <UniqueIdentifier>{42c97af3-2c6e-4411-bc32-3481fff5a049}</UniqueIdentifier>
    </Filter>
    <Filter Include="Source Files\system\math">
      <UniqueIdentifier>{7ff74795-ea94-47ab-bf3f-47fc2b9bf24e}</UniqueIdentifier>
    </Filter>
    <Filter Include="Source Files\system\util">
      <UniqueIdentifier>{21d29ee2-16d1-4a58-a339-4ccd6e000afb}</UniqueIdentifier>
    </Filter>
    <Filter Include="Source Files\system\window">
      <UniqueIdentifier>{e3ed3b61-8862-4a4a-b67f-40f0e1029168}</UniqueIdentifier>
    </Filter>
    <Filter Include="Source Files\system\audio">
      <UniqueIdentifier>{a5e95a00-f714-46a0-8739-6f10fc4bf761}</UniqueIdentifier>
    </Filter>
    <Filter Include="Source Files\aae">
      <UniqueIdentifier>{eef26f56-668e-4c26-9897-764111e69c73}</UniqueIdentifier>
    </Filter>
    <Filter Include="Source Files\aae\fileio">
      <UniqueIdentifier>{06d40a8a-7079-4524-adb3-33680195e57d}</UniqueIdentifier>
    </Filter>
    <Filter Include="Source Files\aae\gui">
      <UniqueIdentifier>{03ed2864-0e5d-44f8-97a0-54b4479ad21d}</UniqueIdentifier>
    </Filter>
    <Filter Include="Source Files\aae\vidhrdwr">
      <UniqueIdentifier>{7b7ed687-8c8f-4447-a454-31a06b9497d1}</UniqueIdentifier>
    </Filter>
    <Filter Include="Source Files\aae\aae_video">
      <UniqueIdentifier>{7fcaf12f-f667-46fb-a91b-1111313e4a36}</UniqueIdentifier>
    </Filter>
    <Filter Include="Source Files\aae\aae_video_vk">
      <UniqueIdentifier>{9a1e5c2d-4b6f-4a3e-8c2a-2f6d7e9b0c11}</UniqueIdentifier>
    </Filter>
    <Filter Include="Shaders">
      <UniqueIdentifier>{7a1b3c5d-2e4f-4a6b-8c9d-0e1f2a3b4c5d}</UniqueIdentifier>
    </Filter>
    <Filter Include="Shaders\vk">
      <UniqueIdentifier>{8b2c4d6e-3f5a-4b7c-9d0e-1f2a3b4c5d6e}</UniqueIdentifier>
    </Filter>
    <Filter Include="Source Files\aae\drivers_old_nothing_here">
      <UniqueIdentifier>{4577e4bb-f586-44a6-a74c-e26fcb180920}</UniqueIdentifier>
    </Filter>
    <Filter Include="Source Files\aae\drivers_old_nothing_here\raster_do_not_use">
      <UniqueIdentifier>{d3b1a532-181d-44f4-92aa-3fd58d1c1e7c}</UniqueIdentifier>
    </Filter>
    <Filter Include="Source Files\aae\drivers_old_nothing_here\vector_do_not_use">
      <UniqueIdentifier>{92cad4b1-1b94-4dbf-8b28-332c22199de8}</UniqueIdentifier>
    </Filter>
    <Filter Include="Source Files\aae\cpu_code_do_not_use">
      <UniqueIdentifier>{da058008-a727-4d5f-bb3f-a3335773c65c}</UniqueIdentifier>
    </Filter>
    <Filter Include="Source Files\aae\_do_not_usemachine">
      <UniqueIdentifier>{f2f82bbd-b595-4304-aaf3-4325d12ebf6b}</UniqueIdentifier>
    </Filter>
    <Filter Include="Source Files\aae\sndhrdwr_do_not_use">
      <UniqueIdentifier>{41f08826-b9d1-4b65-a7d8-28680dabb924}</UniqueIdentifier>
    </Filter>
  </ItemGroup>
  <ItemGroup>
    <ResourceCompile Include="resource.rc">
      <Filter>Resource Files</Filter>
    </ResourceCompile>
  </ItemGroup>
  <ItemGroup>
    <CustomBuild Include="shaders\vk\fast_poly_vk.vert">
      <Filter>Shaders\vk</Filter>
    </CustomBuild>
    <CustomBuild Include="shaders\vk\fast_poly_vk.frag">
      <Filter>Shaders\vk</Filter>
    </CustomBuild>
    <CustomBuild Include="shaders\vk\screen_quad_rect_vk.vert">
      <Filter>Shaders\vk</Filter>
    </CustomBuild>
    <CustomBuild Include="shaders\vk\screen_quad_rect_vk.frag">
      <Filter>Shaders\vk</Filter>
    </CustomBuild>
    <CustomBuild Include="shaders\vk\vector_line_vk.vert">
      <Filter>Shaders\vk</Filter>
    </CustomBuild>
    <CustomBuild Include="shaders\vk\vector_line_vk.frag">
      <Filter>Shaders\vk</Filter>
    </CustomBuild>
    <CustomBuild Include="shaders\vk\vector_disc_vk.vert">
      <Filter>Shaders\vk</Filter>
    </CustomBuild>
    <CustomBuild Include="shaders\vk\vector_disc_vk.frag">
      <Filter>Shaders\vk</Filter>
    </CustomBuild>
    <CustomBuild Include="shaders\vk\vector_shot_vk.vert">
      <Filter>Shaders\vk</Filter>
    </CustomBuild>
    <CustomBuild Include="shaders\vk\vector_shot_vk.frag">
      <Filter>Shaders\vk</Filter>
    </CustomBuild>
    <CustomBuild Include="shaders\vk\layout_quad_vk.frag">
      <Filter>Shaders\vk</Filter>
    </CustomBuild>
    <CustomBuild Include="shaders\vk\crt_post_vk.vert">
      <Filter>Shaders\vk</Filter>
    </CustomBuild>
    <CustomBuild Include="shaders\vk\crt_mono_vk.frag">
      <Filter>Shaders\vk</Filter>
    </CustomBuild>
    <CustomBuild Include="shaders\vk\crt_color_vk.frag">
      <Filter>Shaders\vk</Filter>
    </CustomBuild>
    <CustomBuild Include="shaders\vk\crt_scanline_vk.frag">
      <Filter>Shaders\vk</Filter>
    </CustomBuild>
    <CustomBuild Include="shaders\vk\vector_shot_tex_vk.vert">
      <Filter>Shaders\vk</Filter>
    </CustomBuild>
    <CustomBuild Include="shaders\vk\vector_shot_tex_vk.frag">
      <Filter>Shaders\vk</Filter>
    </CustomBuild>
    <CustomBuild Include="shaders\vk\vector_post_vk.vert">
      <Filter>Shaders\vk</Filter>
    </CustomBuild>
    <CustomBuild Include="shaders\vk\vector_post_blur_vk.frag">
      <Filter>Shaders\vk</Filter>
    </CustomBuild>
    <CustomBuild Include="shaders\vk\vector_post_dual_down_vk.frag">
      <Filter>Shaders\vk</Filter>
    </CustomBuild>
    <CustomBuild Include="shaders\vk\vector_post_dual_up_vk.frag">
      <Filter>Shaders\vk</Filter>
    </CustomBuild>
    <CustomBuild Include="shaders\vk\vector_post_tex_vk.frag">
      <Filter>Shaders\vk</Filter>
    </CustomBuild>
    <CustomBuild Include="shaders\vk\vector_post_multi_vk.frag">
      <Filter>Shaders\vk</Filter>
    </CustomBuild>
  </ItemGroup>
  <ItemGroup>
    <None Include="packages.config" />
  </ItemGroup>
  <!-- Linux port. Grouped under one top-level "Linux (not built)" folder so the
       whole port is reviewable in one place and is obviously not part of the
       Windows build. See the matching comment in aae.vcxproj. -->
  <ItemGroup>
    <Filter Include="Linux (not built)">
      <UniqueIdentifier>{1a7c4e90-5b3d-42f1-9c68-7e0a2d4b8f11}</UniqueIdentifier>
    </Filter>
    <Filter Include="Linux (not built)\window">
      <UniqueIdentifier>{2b8d5fa1-6c4e-4302-ad79-8f1b3e5c9022}</UniqueIdentifier>
    </Filter>
    <Filter Include="Linux (not built)\input">
      <UniqueIdentifier>{3c9e60b2-7d5f-4413-be8a-901c4f6d0133}</UniqueIdentifier>
    </Filter>
    <Filter Include="Linux (not built)\audio">
      <UniqueIdentifier>{4daf71c3-8e60-4524-cf9b-a12d507e1244}</UniqueIdentifier>
    </Filter>
    <Filter Include="Linux (not built)\util">
      <UniqueIdentifier>{5eb082d4-9f71-4635-d0ac-b23e618f2355}</UniqueIdentifier>
    </Filter>
    <Filter Include="Linux (not built)\build + packaging">
      <UniqueIdentifier>{6fc193e5-a082-4746-e1bd-c34f72903466}</UniqueIdentifier>
    </Filter>
  </ItemGroup>
  <ItemGroup>
    <None Include="system\window\linux\linux_main.cpp">
      <Filter>Linux (not built)\window</Filter>
    </None>
    <None Include="system\window\linux\linux_window.cpp">
      <Filter>Linux (not built)\window</Filter>
    </None>
    <None Include="system\window\linux\linux_window.h">
      <Filter>Linux (not built)\window</Filter>
    </None>
    <None Include="system\window\linux\glx_present.cpp">
      <Filter>Linux (not built)\window</Filter>
    </None>
    <None Include="system\window\linux\glx_present.h">
      <Filter>Linux (not built)\window</Filter>
    </None>
    <None Include="system\input\linux\evdev_input.cpp">
      <Filter>Linux (not built)\input</Filter>
    </None>
    <None Include="system\input\linux\evdev_input.h">
      <Filter>Linux (not built)\input</Filter>
    </None>
    <None Include="system\input\linux\evdev_device.cpp">
      <Filter>Linux (not built)\input</Filter>
    </None>
    <None Include="system\input\linux\evdev_device.h">
      <Filter>Linux (not built)\input</Filter>
    </None>
    <None Include="system\input\linux\evdev_keymap.cpp">
      <Filter>Linux (not built)\input</Filter>
    </None>
    <None Include="system\input\linux\evdev_keymap.h">
      <Filter>Linux (not built)\input</Filter>
    </None>
    <None Include="system\input\linux\evdev_joystick.cpp">
      <Filter>Linux (not built)\input</Filter>
    </None>
    <None Include="inputtest\inputtest_main.cpp">
      <Filter>Linux (not built)\input</Filter>
    </None>
    <None Include="system\audio\linux\alsa_backend.cpp">
      <Filter>Linux (not built)\audio</Filter>
    </None>
    <None Include="system\audio\linux\alsa_backend.h">
      <Filter>Linux (not built)\audio</Filter>
    </None>
    <None Include="system\audio\linux\audio_3d_null.cpp">
      <Filter>Linux (not built)\audio</Filter>
    </None>
    <None Include="system\util\linux\posix_timer.cpp">
      <Filter>Linux (not built)\util</Filter>
    </None>
    <None Include="..\tools\linux\uinput_devices.cpp">
      <Filter>Linux (not built)\util</Filter>
    </None>
    <None Include="..\tools\linux\tests\drive_gui.txt">
      <Filter>Linux (not built)\util</Filter>
    </None>
    <None Include="..\tools\linux\tests\milestone_b.txt">
      <Filter>Linux (not built)\util</Filter>
    </None>
    <None Include="..\CMakeLists.txt">
      <Filter>Linux (not built)\build + packaging</Filter>
    </None>
    <None Include="..\scripts\linux\build.sh">
      <Filter>Linux (not built)\build + packaging</Filter>
    </None>
    <None Include="..\scripts\linux\build-linux.sh">
      <Filter>Linux (not built)\build + packaging</Filter>
    </None>
    <None Include="..\scripts\linux\build-pi5.sh">
      <Filter>Linux (not built)\build + packaging</Filter>
    </None>
    <None Include="..\scripts\linux\run.sh">
      <Filter>Linux (not built)\build + packaging</Filter>
    </None>
    <None Include="..\scripts\linux\stage-for-pi.sh">
      <Filter>Linux (not built)\build + packaging</Filter>
    </None>
    <None Include="..\scripts\linux\build-flatpak.sh">
      <Filter>Linux (not built)\build + packaging</Filter>
    </None>
    <None Include="..\scripts\linux\wsl-asoundrc">
      <Filter>Linux (not built)\build + packaging</Filter>
    </None>
    <None Include="..\packaging\flatpak\io.github.tcottrill.AAE.yml">
      <Filter>Linux (not built)\build + packaging</Filter>
    </None>
    <None Include="..\packaging\flatpak\io.github.tcottrill.AAE.desktop">
      <Filter>Linux (not built)\build + packaging</Filter>
    </None>
    <None Include="..\packaging\flatpak\io.github.tcottrill.AAE.metainfo.xml">
      <Filter>Linux (not built)\build + packaging</Filter>
    </None>
    <None Include="..\packaging\flatpak\aae-launcher.sh">
      <Filter>Linux (not built)\build + packaging</Filter>
    </None>
  </ItemGroup>
</Project>