<?xml version="1.0" encoding="utf-8"?>
<Project ToolsVersion="4.0" xmlns="http://schemas.microsoft.com/developer/msbuild/2003">
  <ItemGroup>
    <Filter Include="cpu_code">
      <UniqueIdentifier>{200a9a8a-5af4-2ae0-c928-dc19b9d003e5}</UniqueIdentifier>
    </Filter>
    <Filter Include="drivers">
      <UniqueIdentifier>{e0985a00-99f3-c539-fca9-81410b2e4c1b}</UniqueIdentifier>
    </Filter>
    <Filter Include="drivers\raster">
      <UniqueIdentifier>{ec8ee8ec-abf2-9888-d4e1-650b5fd86a68}</UniqueIdentifier>
    </Filter>
    <Filter Include="fileio">
      <UniqueIdentifier>{1a4fe18e-c15e-74f4-f703-e3841f01e2a7}</UniqueIdentifier>
    </Filter>
    <Filter Include="machine">
      <UniqueIdentifier>{6d3646f9-9bb4-4eec-b4e2-45a29c37dc3f}</UniqueIdentifier>
    </Filter>
    <Filter Include="sndhrdwr">
      <UniqueIdentifier>{7a2e25e0-bd43-c09f-bd2a-6d827eaa6eb9}</UniqueIdentifier>
    </Filter>
    <Filter Include="vidhrdwr">
      <UniqueIdentifier>{5f623f5d-9b3a-2175-dc2b-2ef9e442a043}</UniqueIdentifier>
    </Filter>
    <Filter Include="drivers\vector">
      <UniqueIdentifier>{21a373da-d519-031f-a03a-d558a550f4d8}</UniqueIdentifier>
    </Filter>
  </ItemGroup>
  <ItemGroup>
    <ClCompile Include="aae\driver_registry.cpp" />
    <ClCompile Include="aae\game_list.cpp" />
    <ClCompile Include="aae\inptport.cpp" />
    <ClCompile Include="aae\machine_state.cpp" />
    <ClCompile Include="aae\memory.cpp" />
    <ClCompile Include="aae\os_input.cpp" />
    <ClCompile Include="aae\cpu_code\ccpu.cpp">
      <Filter>cpu_code</Filter>
    </ClCompile>
    <ClCompile Include="aae\cpu_code\cpu_6502.cpp">
      <Filter>cpu_code</Filter>
    </ClCompile>
    <ClCompile Include="aae\cpu_code\cpu_control.cpp">
      <Filter>cpu_code</Filter>
    </ClCompile>
    <ClCompile Include="aae\cpu_code\cpu_i8039.cpp">
      <Filter>cpu_code</Filter>
    </ClCompile>
    <ClCompile Include="aae\cpu_code\cpu_i8080.cpp">
      <Filter>cpu_code</Filter>
    </ClCompile>
    <ClCompile Include="aae\cpu_code\cpu_i8085.cpp">
      <Filter>cpu_code</Filter>
    </ClCompile>
    <ClCompile Include="aae\cpu_code\cpu_lr35902.cpp">
      <Filter>cpu_code</Filter>
    </ClCompile>
    <ClCompile Include="aae\cpu_code\cpu_m68000.cpp">
      <Filter>cpu_code</Filter>
    </ClCompile>
    <ClCompile Include="aae\cpu_code\cpu_m6809.cpp">
      <Filter>cpu_code</Filter>
    </ClCompile>
    <ClCompile Include="aae\cpu_code\cpu_z80.cpp">
      <Filter>cpu_code</Filter>
    </ClCompile>
    <ClCompile Include="aae\cpu_code\timer.cpp">
      <Filter>cpu_code</Filter>
    </ClCompile>
    <ClCompile Include="aae\cpu_code\z80fmly.cpp">
      <Filter>cpu_code</Filter>
    </ClCompile>
    <ClCompile Include="aae\drivers\asteroid.cpp">
      <Filter>drivers\vector</Filter>
    </ClCompile>
    <ClCompile Include="aae\drivers\aztarac.cpp">
      <Filter>drivers\vector</Filter>
    </ClCompile>
    <ClCompile Include="aae\drivers\bwidow.cpp">
      <Filter>drivers\vector</Filter>
    </ClCompile>
    <ClCompile Include="aae\drivers\bzone.cpp">
      <Filter>drivers\vector</Filter>
    </ClCompile>
    <ClCompile Include="aae\drivers\cchasm.cpp">
      <Filter>drivers\vector</Filter>
    </ClCompile>
    <ClCompile Include="aae\drivers\cinematronics_driver.cpp">
      <Filter>drivers\vector</Filter>
    </ClCompile>
    <ClCompile Include="aae\drivers\llander.cpp">
      <Filter>drivers\vector</Filter>
    </ClCompile>
    <ClCompile Include="aae\drivers\omegrace.cpp">
      <Filter>drivers\vector</Filter>
    </ClCompile>
    <ClCompile Include="aae\drivers\quantum.cpp">
      <Filter>drivers\vector</Filter>
    </ClCompile>
    <ClCompile Include="aae\drivers\segag80.cpp">
      <Filter>drivers\vector</Filter>
    </ClCompile>
    <ClCompile Include="aae\drivers\vertigo.cpp">
      <Filter>drivers\vector</Filter>
    </ClCompile>
    <ClCompile Include="aae\drivers\bosco.cpp">
      <Filter>drivers\raster</Filter>
    </ClCompile>
    <ClCompile Include="aae\drivers\breakout.cpp">
      <Filter>drivers\raster</Filter>
    </ClCompile>
    <ClCompile Include="aae\drivers\centiped.cpp">
      <Filter>drivers\raster</Filter>
    </ClCompile>
    <ClCompile Include="aae\drivers\circus.cpp">
      <Filter>drivers\raster</Filter>
    </ClCompile>
    <ClCompile Include="aae\drivers\digdug.cpp">
      <Filter>drivers\raster</Filter>
    </ClCompile>
    <ClCompile Include="aae\drivers\dkong.cpp">
      <Filter>drivers\raster</Filter>
    </ClCompile>
    <ClCompile Include="aae\drivers\foodf.cpp">
      <Filter>drivers\raster</Filter>
    </ClCompile>
    <ClCompile Include="aae\drivers\galaga.cpp">
      <Filter>drivers\raster</Filter>
    </ClCompile>
    <ClCompile Include="aae\drivers\galaxian_driver.cpp">
      <Filter>drivers\raster</Filter>
    </ClCompile>
    <ClCompile Include="aae\drivers\gaplus.cpp">
      <Filter>drivers\raster</Filter>
    </ClCompile>
    <ClCompile Include="aae\drivers\gyruss.cpp">
      <Filter>drivers\raster</Filter>
    </ClCompile>
    <ClCompile Include="aae\drivers\invaders.cpp">
      <Filter>drivers\raster</Filter>
    </ClCompile>
    <ClCompile Include="aae\drivers\jrpacman.cpp">
      <Filter>drivers\raster</Filter>
    </ClCompile>
    <ClCompile Include="aae\drivers\mappy.cpp">
      <Filter>drivers\raster</Filter>
    </ClCompile>
    <ClCompile Include="aae\drivers\milliped.cpp">
      <Filter>drivers\raster</Filter>
    </ClCompile>
    <ClCompile Include="aae\drivers\missile.cpp">
      <Filter>drivers\raster</Filter>
    </ClCompile>
    <ClCompile Include="aae\drivers\pacman.cpp">
      <Filter>drivers\raster</Filter>
    </ClCompile>
    <ClCompile Include="aae\drivers\phoenix.cpp">
      <Filter>drivers\raster</Filter>
    </ClCompile>
    <ClCompile Include="aae\drivers\pong.cpp">
      <Filter>drivers\raster</Filter>
    </ClCompile>
    <ClCompile Include="aae\drivers\rallyx.cpp">
      <Filter>drivers\raster</Filter>
    </ClCompile>
    <ClCompile Include="aae\drivers\superpac.cpp">
      <Filter>drivers\raster</Filter>
    </ClCompile>
    <ClCompile Include="aae\drivers\vicdual.cpp">
      <Filter>drivers\raster</Filter>
    </ClCompile>
    <ClCompile Include="aae\drivers\xevious.cpp">
      <Filter>drivers\raster</Filter>
    </ClCompile>
    <ClCompile Include="aae\drivers\yiear.cpp">
      <Filter>drivers\raster</Filter>
    </ClCompile>
    <ClCompile Include="aae\fileio\aae_fileio.cpp">
      <Filter>fileio</Filter>
    </ClCompile>
    <ClCompile Include="aae\machine\74148.cpp">
      <Filter>machine</Filter>
    </ClCompile>
    <ClCompile Include="aae\machine\earom.cpp">
      <Filter>machine</Filter>
    </ClCompile>
    <ClCompile Include="aae\machine\mathbox.cpp">
      <Filter>machine</Filter>
    </ClCompile>
    <ClCompile Include="aae\machine\pacplus_decode.cpp">
      <Filter>machine</Filter>
    </ClCompile>
    <ClCompile Include="aae\machine\pit8253.cpp">
      <Filter>machine</Filter>
    </ClCompile>
    <ClCompile Include="aae\machine\SegaG80crypt.cpp">
      <Filter>machine</Filter>
    </ClCompile>
    <ClCompile Include="aae\machine\slapstic.cpp">
      <Filter>machine</Filter>
    </ClCompile>
    <ClCompile Include="aae\machine\starwars_machine.cpp">
      <Filter>machine</Filter>
    </ClCompile>
    <ClCompile Include="aae\sndhrdwr\aae_pokey.cpp">
      <Filter>sndhrdwr</Filter>
    </ClCompile>
    <ClCompile Include="aae\sndhrdwr\astrocade_sound.cpp">
      <Filter>sndhrdwr</Filter>
    </ClCompile>
    <ClCompile Include="aae\sndhrdwr\ay8910.cpp">
      <Filter>sndhrdwr</Filter>
    </ClCompile>
    <ClCompile Include="aae\sndhrdwr\cinematronics_sound.cpp">
      <Filter>sndhrdwr</Filter>
    </ClCompile>
    <ClCompile Include="aae\sndhrdwr\dac.cpp">
      <Filter>sndhrdwr</Filter>
    </ClCompile>
    <ClCompile Include="aae\sndhrdwr\exidy440_sound.cpp">
      <Filter>sndhrdwr</Filter>
    </ClCompile>
    <ClCompile Include="aae\sndhrdwr\okim6295_loader.cpp">
      <Filter>sndhrdwr</Filter>
    </ClCompile>
    <ClCompile Include="aae\sndhrdwr\phoenix_audio.cpp">
      <Filter>sndhrdwr</Filter>
    </ClCompile>
    <ClCompile Include="aae\sndhrdwr\pleiads_audio.cpp">
      <Filter>sndhrdwr</Filter>
    </ClCompile>
    <ClCompile Include="aae\sndhrdwr\sn76477.cpp">
      <Filter>sndhrdwr</Filter>
    </ClCompile>
    <ClCompile Include="aae\sndhrdwr\starwars_snd.cpp">
      <Filter>sndhrdwr</Filter>
    </ClCompile>
    <ClCompile Include="aae\sndhrdwr\tms36xx.cpp">
      <Filter>sndhrdwr</Filter>
    </ClCompile>
    <ClCompile Include="aae\sndhrdwr\tms5220.cpp">
      <Filter>sndhrdwr</Filter>
    </ClCompile>
    <ClCompile Include="aae\vidhrdwr\aae_avg.cpp">
      <Filter>vidhrdwr</Filter>
    </ClCompile>
    <ClCompile Include="aae\vidhrdwr\astrocde_video.cpp">
      <Filter>vidhrdwr</Filter>
    </ClCompile>
    <ClCompile Include="aae\vidhrdwr\centiped_vid.cpp">
      <Filter>vidhrdwr</Filter>
    </ClCompile>
    <ClCompile Include="aae\vidhrdwr\cinematronics_video.cpp">
      <Filter>vidhrdwr</Filter>
    </ClCompile>
    <ClCompile Include="aae\vidhrdwr\galaxian_vid.cpp">
      <Filter>vidhrdwr</Filter>
    </ClCompile>
    <ClCompile Include="aae\vidhrdwr\gaplus_video.cpp">
      <Filter>vidhrdwr</Filter>
    </ClCompile>
    <ClCompile Include="aae\vidhrdwr\mappy_video.cpp">
      <Filter>vidhrdwr</Filter>
    </ClCompile>
    <ClCompile Include="aae\vidhrdwr\old_mame_raster.cpp">
      <Filter>vidhrdwr</Filter>
    </ClCompile>
    <ClCompile Include="aae\vidhrdwr\old_mame_vecsim_dvg.cpp">
      <Filter>vidhrdwr</Filter>
    </ClCompile>
    <ClCompile Include="aae\vidhrdwr\rallyx_vid.cpp">
      <Filter>vidhrdwr</Filter>
    </ClCompile>
    <ClCompile Include="aae\vidhrdwr\SegaG80vid.cpp">
      <Filter>vidhrdwr</Filter>
    </ClCompile>
    <ClCompile Include="aae\vidhrdwr\vertigo_video.cpp">
      <Filter>vidhrdwr</Filter>
    </ClCompile>
    <ClCompile Include="aae\vidhrdwr\xevious_video.cpp">
      <Filter>vidhrdwr</Filter>
    </ClCompile>
    <ClCompile Include="aae\drivers\mhavoc.cpp">
      <Filter>drivers\vector</Filter>
    </ClCompile>
    <ClCompile Include="aae\drivers\starwars.cpp">
      <Filter>drivers\vector</Filter>
    </ClCompile>
    <ClCompile Include="aae\drivers\tempest.cpp">
      <Filter>drivers\vector</Filter>
    </ClCompile>
    <ClCompile Include="aae\drivers\astrocade.cpp">
      <Filter>drivers\raster</Filter>
    </ClCompile>
    <ClCompile Include="aae\drivers\warlord.cpp">
      <Filter>drivers\raster</Filter>
    </ClCompile>
    <ClCompile Include="aae\sndhrdwr\galsnd_stream.cpp">
      <Filter>sndhrdwr</Filter>
    </ClCompile>
    <ClCompile Include="aae\sndhrdwr\namco.cpp">
      <Filter>sndhrdwr</Filter>
    </ClCompile>
    <ClCompile Include="aae\sndhrdwr\segag80snd.cpp">
      <Filter>sndhrdwr</Filter>
    </ClCompile>
  </ItemGroup>
  <ItemGroup>
    <ClInclude Include="aae\driver_registry.h" />
    <ClInclude Include="aae\game_list.h" />
    <ClInclude Include="aae\inptport.h" />
    <ClInclude Include="aae\memory.h" />
    <ClInclude Include="aae\os_input.h" />
    <ClInclude Include="aae\cpu_code\ccpu.h">
      <Filter>cpu_code</Filter>
    </ClInclude>
    <ClInclude Include="aae\cpu_code\cpu_6502.h">
      <Filter>cpu_code</Filter>
    </ClInclude>
    <ClInclude Include="aae\cpu_code\cpu_control.h">
      <Filter>cpu_code</Filter>
    </ClInclude>
    <ClInclude Include="aae\cpu_code\cpu_i8039.h">
      <Filter>cpu_code</Filter>
    </ClInclude>
    <ClInclude Include="aae\cpu_code\cpu_i8080.h">
      <Filter>cpu_code</Filter>
    </ClInclude>
    <ClInclude Include="aae\cpu_code\cpu_i8085.h">
      <Filter>cpu_code</Filter>
    </ClInclude>
    <ClInclude Include="aae\cpu_code\cpu_lr35902.h">
      <Filter>cpu_code</Filter>
    </ClInclude>
    <ClInclude Include="aae\cpu_code\cpu_m68000.h">
      <Filter>cpu_code</Filter>
    </ClInclude>
    <ClInclude Include="aae\cpu_code\cpu_m6809.h">
      <Filter>cpu_code</Filter>
    </ClInclude>
    <ClInclude Include="aae\cpu_code\cpu_z80.h">
      <Filter>cpu_code</Filter>
    </ClInclude>
    <ClInclude Include="aae\cpu_code\timer.h">
      <Filter>cpu_code</Filter>
    </ClInclude>
    <ClInclude Include="aae\cpu_code\z80fmly.h">
      <Filter>cpu_code</Filter>
    </ClInclude>
    <ClInclude Include="aae\drivers\asteroid.h">
      <Filter>drivers\vector</Filter>
    </ClInclude>
    <ClInclude Include="aae\drivers\aztarac.h">
      <Filter>drivers\vector</Filter>
    </ClInclude>
    <ClInclude Include="aae\drivers\bwidow.h">
      <Filter>drivers\vector</Filter>
    </ClInclude>
    <ClInclude Include="aae\drivers\bzone.h">
      <Filter>drivers\vector</Filter>
    </ClInclude>
    <ClInclude Include="aae\drivers\cchasm.h">
      <Filter>drivers\vector</Filter>
    </ClInclude>
    <ClInclude Include="aae\drivers\cinematronics_driver.h">
      <Filter>drivers\vector</Filter>
    </ClInclude>
    <ClInclude Include="aae\drivers\llander.h">
      <Filter>drivers\vector</Filter>
    </ClInclude>
    <ClInclude Include="aae\drivers\namco_stars.h">
      <Filter>drivers\raster</Filter>
    </ClInclude>
    <ClInclude Include="aae\drivers\omegrace.h">
      <Filter>drivers\vector</Filter>
    </ClInclude>
    <ClInclude Include="aae\drivers\quantum.h">
      <Filter>drivers\vector</Filter>
    </ClInclude>
    <ClInclude Include="aae\drivers\segag80.h">
      <Filter>drivers\vector</Filter>
    </ClInclude>
    <ClInclude Include="aae\drivers\vertigo.h">
      <Filter>drivers\vector</Filter>
    </ClInclude>
    <ClInclude Include="aae\drivers\bosco.h">
      <Filter>drivers\raster</Filter>
    </ClInclude>
    <ClInclude Include="aae\drivers\centiped.h">
      <Filter>drivers\raster</Filter>
    </ClInclude>
    <ClInclude Include="aae\drivers\circus.h">
      <Filter>drivers\raster</Filter>
    </ClInclude>
    <ClInclude Include="aae\drivers\digdug.h">
      <Filter>drivers\raster</Filter>
    </ClInclude>
    <ClInclude Include="aae\drivers\galaga.h">
      <Filter>drivers\raster</Filter>
    </ClInclude>
    <ClInclude Include="aae\drivers\galaxian_driver.h">
      <Filter>drivers\raster</Filter>
    </ClInclude>
    <ClInclude Include="aae\drivers\gaplus.h">
      <Filter>drivers\raster</Filter>
    </ClInclude>
    <ClInclude Include="aae\drivers\invaders.h">
      <Filter>drivers\raster</Filter>
    </ClInclude>
    <ClInclude Include="aae\drivers\jrpacman.h">
      <Filter>drivers\raster</Filter>
    </ClInclude>
    <ClInclude Include="aae\drivers\mappy.h">
      <Filter>drivers\raster</Filter>
    </ClInclude>
    <ClInclude Include="aae\drivers\milliped.h">
      <Filter>drivers\raster</Filter>
    </ClInclude>
    <ClInclude Include="aae\drivers\missile.h">
      <Filter>drivers\raster</Filter>
    </ClInclude>
    <ClInclude Include="aae\drivers\pacman.h">
      <Filter>drivers\raster</Filter>
    </ClInclude>
    <ClInclude Include="aae\drivers\phoenix.h">
      <Filter>drivers\raster</Filter>
    </ClInclude>
    <ClInclude Include="aae\drivers\rallyx.h">
      <Filter>drivers\raster</Filter>
    </ClInclude>
    <ClInclude Include="aae\drivers\superpac.h">
      <Filter>drivers\raster</Filter>
    </ClInclude>
    <ClInclude Include="aae\drivers\vicdual.h">
      <Filter>drivers\raster</Filter>
    </ClInclude>
    <ClInclude Include="aae\drivers\xevious.h">
      <Filter>drivers\raster</Filter>
    </ClInclude>
    <ClInclude Include="aae\drivers\yiear.h">
      <Filter>drivers\raster</Filter>
    </ClInclude>
    <ClInclude Include="aae\fileio\aae_fileio.h">
      <Filter>fileio</Filter>
    </ClInclude>
    <ClInclude Include="aae\fileio\sha-1.h">
      <Filter>fileio</Filter>
    </ClInclude>
    <ClInclude Include="aae\machine\74148.h">
      <Filter>machine</Filter>
    </ClInclude>
    <ClInclude Include="aae\machine\earom.h">
      <Filter>machine</Filter>
    </ClInclude>
    <ClInclude Include="aae\machine\mathbox.h">
      <Filter>machine</Filter>
    </ClInclude>
    <ClInclude Include="aae\machine\pacplus_decode.h">
      <Filter>machine</Filter>
    </ClInclude>
    <ClInclude Include="aae\machine\pit8253.h">
      <Filter>machine</Filter>
    </ClInclude>
    <ClInclude Include="aae\machine\SegaG80crypt.h">
      <Filter>machine</Filter>
    </ClInclude>
    <ClInclude Include="aae\machine\slapstic.h">
      <Filter>machine</Filter>
    </ClInclude>
    <ClInclude Include="aae\machine\starwars_machine.h">
      <Filter>machine</Filter>
    </ClInclude>
    <ClInclude Include="aae\sndhrdwr\aae_pokey.h">
      <Filter>sndhrdwr</Filter>
    </ClInclude>
    <ClInclude Include="aae\sndhrdwr\astrocade_sound.h">
      <Filter>sndhrdwr</Filter>
    </ClInclude>
    <ClInclude Include="aae\sndhrdwr\ay8910.h">
      <Filter>sndhrdwr</Filter>
    </ClInclude>
    <ClInclude Include="aae\sndhrdwr\cinematronics_sound.h">
      <Filter>sndhrdwr</Filter>
    </ClInclude>
    <ClInclude Include="aae\sndhrdwr\dac.h">
      <Filter>sndhrdwr</Filter>
    </ClInclude>
    <ClInclude Include="aae\sndhrdwr\exidy440_sound.h">
      <Filter>sndhrdwr</Filter>
    </ClInclude>
    <ClInclude Include="aae\sndhrdwr\okim6295_loader.h">
      <Filter>sndhrdwr</Filter>
    </ClInclude>
    <ClInclude Include="aae\sndhrdwr\phoenix_audio.h">
      <Filter>sndhrdwr</Filter>
    </ClInclude>
    <ClInclude Include="aae\sndhrdwr\pleiads_audio.h">
      <Filter>sndhrdwr</Filter>
    </ClInclude>
    <ClInclude Include="aae\sndhrdwr\sn76477.h">
      <Filter>sndhrdwr</Filter>
    </ClInclude>
    <ClInclude Include="aae\sndhrdwr\starwars_snd.h">
      <Filter>sndhrdwr</Filter>
    </ClInclude>
    <ClInclude Include="aae\sndhrdwr\tms36xx.h">
      <Filter>sndhrdwr</Filter>
    </ClInclude>
    <ClInclude Include="aae\sndhrdwr\tms5220.h">
      <Filter>sndhrdwr</Filter>
    </ClInclude>
    <ClInclude Include="aae\vidhrdwr\aae_avg.h">
      <Filter>vidhrdwr</Filter>
    </ClInclude>
    <ClInclude Include="aae\vidhrdwr\astrocde_video.h">
      <Filter>vidhrdwr</Filter>
    </ClInclude>
    <ClInclude Include="aae\vidhrdwr\centiped_vid.h">
      <Filter>vidhrdwr</Filter>
    </ClInclude>
    <ClInclude Include="aae\vidhrdwr\cinematronics_video.h">
      <Filter>vidhrdwr</Filter>
    </ClInclude>
    <ClInclude Include="aae\vidhrdwr\galaxian_vid.h">
      <Filter>vidhrdwr</Filter>
    </ClInclude>
    <ClInclude Include="aae\vidhrdwr\mame_vector.h">
      <Filter>vidhrdwr</Filter>
    </ClInclude>
    <ClInclude Include="aae\vidhrdwr\old_mame_raster.h">
      <Filter>vidhrdwr</Filter>
    </ClInclude>
    <ClInclude Include="aae\vidhrdwr\old_mame_vecsim_dvg.h">
      <Filter>vidhrdwr</Filter>
    </ClInclude>
    <ClInclude Include="aae\vidhrdwr\rallyx_vid.h">
      <Filter>vidhrdwr</Filter>
    </ClInclude>
    <ClInclude Include="aae\vidhrdwr\SegaG80vid.h">
      <Filter>vidhrdwr</Filter>
    </ClInclude>
    <ClInclude Include="aae\drivers\mhavoc.h">
      <Filter>drivers\vector</Filter>
    </ClInclude>
    <ClInclude Include="aae\drivers\starwars.h">
      <Filter>drivers\vector</Filter>
    </ClInclude>
    <ClInclude Include="aae\drivers\tempest.h">
      <Filter>drivers\vector</Filter>
    </ClInclude>
    <ClInclude Include="aae\drivers\warlord.h">
      <Filter>drivers\raster</Filter>
    </ClInclude>
    <ClInclude Include="aae\sndhrdwr\galsnd_stream.h">
      <Filter>sndhrdwr</Filter>
    </ClInclude>
    <ClInclude Include="aae\sndhrdwr\namco.h">
      <Filter>sndhrdwr</Filter>
    </ClInclude>
    <ClInclude Include="aae\sndhrdwr\segag80snd.h">
      <Filter>sndhrdwr</Filter>
    </ClInclude>
  </ItemGroup>
  <ItemGroup>
    <None Include="aae\cpu_code\cpu_m68000_ops.inc">
      <Filter>cpu_code</Filter>
    </None>
  </ItemGroup>
</Project>